
Microsoft Visual Studio Solution File, Format Version 12.00
# Visual Studio Version 16
VisualStudioVersion = 16.0.32126.315
MinimumVisualStudioVersion = 10.0.40219.1
Project("{FAE04EC0-301F-11D3-BF4B-00C04F79EFBC}") = "POIT DE VENTE", "POIT DE VENTE\POIT DE VENTE.csproj", "{CE21310F-8667-4799-B351-8328EAD83054}"
EndProject
Global
	GlobalSection(SolutionConfigurationPlatforms) = preSolution
		Debug|Any CPU = Debug|Any CPU
		Release|Any CPU = Release|Any CPU
	EndGlobalSection
	GlobalSection(ProjectConfigurationPlatforms) = postSolution
		{CE21310F-8667-4799-B351-8328EAD83054}.Debug|Any CPU.ActiveCfg = Debug|Any CPU
		{CE21310F-8667-4799-B351-8328EAD83054}.Debug|Any CPU.Build.0 = Debug|Any CPU
		{CE21310F-8667-4799-B351-8328EAD83054}.Release|Any CPU.ActiveCfg = Release|Any CPU
		{CE21310F-8667-4799-B351-8328EAD83054}.Release|Any CPU.Build.0 = Release|Any CPU
	EndGlobalSection
	GlobalSection(SolutionProperties) = preSolution
		HideSolutionNode = FALSE
	EndGlobalSection
	GlobalSection(ExtensibilityGlobals) = postSolution
		SolutionGuid = {56C1237C-01FC-4251-96EB-1C9F3F7FBBBF}
	EndGlobalSection
EndGlobal
